
Microsoft Visual Studio Solution File, Format Version 12.00
# Visual Studio Version 17
VisualStudioVersion = 17.10.35027.167
MinimumVisualStudioVersion = 10.0.40219.1
Project("{FAE04EC0-301F-11D3-BF4B-00C04F79EFBC}") = "img2ascii", "img2ascii.csproj", "{5B88885D-3F9F-4112-ADAA-7804D7A70E8A}"
EndProject
Global
	GlobalSection(SolutionConfigurationPlatforms) = preSolution
		Debug|Any CPU = Debug|Any CPU
		Release|Any CPU = Release|Any CPU
	EndGlobalSection
	GlobalSection(ProjectConfigurationPlatforms) = postSolution
		{5B88885D-3F9F-4112-ADAA-7804D7A70E8A}.Debug|Any CPU.ActiveCfg = Debug|Any CPU
		{5B88885D-3F9F-4112-ADAA-7804D7A70E8A}.Debug|Any CPU.Build.0 = Debug|Any CPU
		{5B88885D-3F9F-4112-ADAA-7804D7A70E8A}.Release|Any CPU.ActiveCfg = Release|Any CPU
		{5B88885D-3F9F-4112-ADAA-7804D7A70E8A}.Release|Any CPU.Build.0 = Release|Any CPU
	EndGlobalSection
	GlobalSection(SolutionProperties) = preSolution
		HideSolutionNode = FALSE
	EndGlobalSection
	GlobalSection(ExtensibilityGlobals) = postSolution
		SolutionGuid = {9CC7C561-AACE-4A41-8616-5D1C34457485}
	EndGlobalSection
EndGlobal
